
Microsoft Visual Studio Solution File, Format Version 12.00
# Visual Studio Version 16
VisualStudioVersion = 25.0.1700.0
MinimumVisualStudioVersion = 10.0.40219.1
Project("{FAE04EC0-301F-11D3-BF4B-00C04F79EFBC}") = "EmployeeSystem", "EmployeeSystem\EmployeeSystem.csproj", "{9353C0BF-8555-48E4-B00B-E202660F4E26}"
EndProject
Global
	GlobalSection(SolutionConfigurationPlatforms) = preSolution
		Debug|Any CPU = Debug|Any CPU
		Release|Any CPU = Release|Any CPU
	EndGlobalSection
	GlobalSection(ProjectConfigurationPlatforms) = postSolution
		{9353C0BF-8555-48E4-B00B-E202660F4E26}.Debug|Any CPU.ActiveCfg = Debug|Any CPU
		{9353C0BF-8555-48E4-B00B-E202660F4E26}.Debug|Any CPU.Build.0 = Debug|Any CPU
		{9353C0BF-8555-48E4-B00B-E202660F4E26}.Release|Any CPU.ActiveCfg = Release|Any CPU
		{9353C0BF-8555-48E4-B00B-E202660F4E26}.Release|Any CPU.Build.0 = Release|Any CPU
	EndGlobalSection
	GlobalSection(SolutionProperties) = preSolution
		HideSolutionNode = FALSE
	EndGlobalSection
	GlobalSection(ExtensibilityGlobals) = postSolution
		SolutionGuid = {7167C74C-681D-473B-AE11-22CD74418449}
	EndGlobalSection
EndGlobal
